
Microsoft Visual Studio Solution File, Format Version 12.00
# Visual Studio 15
VisualStudioVersion = 15.0.28307.271
MinimumVisualStudioVersion = 10.0.40219.1
Project("{6989167D-11E4-40FE-8C1A-2192A86A7E90}") = "metric_model", "metric_model.vfproj", "{D5766CEA-6036-475A-BEED-FAF01A5B0FD3}"
EndProject
Global
	GlobalSection(SolutionConfigurationPlatforms) = preSolution
		Debug|x86 = Debug|x86
		Release|x86 = Release|x86
	EndGlobalSection
	GlobalSection(ProjectConfigurationPlatforms) = postSolution
		{D5766CEA-6036-475A-BEED-FAF01A5B0FD3}.Debug|x86.ActiveCfg = Debug|Win32
		{D5766CEA-6036-475A-BEED-FAF01A5B0FD3}.Debug|x86.Build.0 = Debug|Win32
		{D5766CEA-6036-475A-BEED-FAF01A5B0FD3}.Release|x86.ActiveCfg = Release|Win32
		{D5766CEA-6036-475A-BEED-FAF01A5B0FD3}.Release|x86.Build.0 = Release|Win32
	EndGlobalSection
	GlobalSection(SolutionProperties) = preSolution
		HideSolutionNode = FALSE
	EndGlobalSection
	GlobalSection(ExtensibilityGlobals) = postSolution
		SolutionGuid = {96C820C4-880F-434A-809F-335832531BCD}
	EndGlobalSection
EndGlobal
